// !$*UTF8*$!
{
	archiveVersion = 1;
	classes = {
	};
	objectVersion = 56;
	objects = {

/* Begin PBXBuildFile section */
		132EAD602A33A486003F3164 /* LogViewModel.swift in Sources */ = {isa = PBXBuildFile; fileRef = 132EAD5F2A33A486003F3164 /* LogViewModel.swift */; };
		132EAD642A33A69A003F3164 /* LogView.swift in Sources */ = {isa = PBXBuildFile; fileRef = 132EAD632A33A69A003F3164 /* LogView.swift */; };
		132EAD692A33A96F003F3164 /* Helper.swift in Sources */ = {isa = PBXBuildFile; fileRef = 132EAD682A33A96F003F3164 /* Helper.swift */; };
		132EAD6B2A33AC39003F3164 /* LogModel.swift in Sources */ = {isa = PBXBuildFile; fileRef = 132EAD6A2A33AC39003F3164 /* LogModel.swift */; };
		132EAD6F2A33B8FF003F3164 /* LineShape.swift in Sources */ = {isa = PBXBuildFile; fileRef = 132EAD6E2A33B8FF003F3164 /* LineShape.swift */; };
		132EAD712A3457C5003F3164 /* DynamicFilteredView.swift in Sources */ = {isa = PBXBuildFile; fileRef = 132EAD702A3457C5003F3164 /* DynamicFilteredView.swift */; };
		132EAD742A345BEA003F3164 /* PawpalCoreData.xcdatamodeld in Sources */ = {isa = PBXBuildFile; fileRef = 132EAD722A345BEA003F3164 /* PawpalCoreData.xcdatamodeld */; };
		132EAD762A347835003F3164 /* DismissButton.swift in Sources */ = {isa = PBXBuildFile; fileRef = 132EAD752A347835003F3164 /* DismissButton.swift */; };
		454AB4AB2A3624E1003AAE2E /* Model.swift in Sources */ = {isa = PBXBuildFile; fileRef = 454AB4AA2A3624E1003AAE2E /* Model.swift */; };
		454AB4AD2A36264F003AAE2E /* CalendarView.swift in Sources */ = {isa = PBXBuildFile; fileRef = 454AB4AC2A36264F003AAE2E /* CalendarView.swift */; };
		457FE2F22A2CD27800641E37 /* AssumptionView.swift in Sources */ = {isa = PBXBuildFile; fileRef = 457FE2F12A2CD27800641E37 /* AssumptionView.swift */; };
		45EFE99C2A3620F000D70A73 /* InformationView.swift in Sources */ = {isa = PBXBuildFile; fileRef = 45EFE99B2A3620F000D70A73 /* InformationView.swift */; };
		5268A0522A343A46002CCC8E /* ArtiIndikator.swift in Sources */ = {isa = PBXBuildFile; fileRef = 5268A0512A343A46002CCC8E /* ArtiIndikator.swift */; };
		5268A0542A344B30002CCC8E /* AnalysisResultView.swift in Sources */ = {isa = PBXBuildFile; fileRef = 5268A0532A344B30002CCC8E /* AnalysisResultView.swift */; };
		5268A0562A344E40002CCC8E /* MLModel.swift in Sources */ = {isa = PBXBuildFile; fileRef = 5268A0552A344E40002CCC8E /* MLModel.swift */; };
		5268A0582A3451F4002CCC8E /* IndikatorModal.swift in Sources */ = {isa = PBXBuildFile; fileRef = 5268A0572A3451F4002CCC8E /* IndikatorModal.swift */; };
		5278848A2A338EB900DFB907 /* pawpal.mlmodel in Sources */ = {isa = PBXBuildFile; fileRef = 527884892A338EB900DFB907 /* pawpal.mlmodel */; };
		5278848C2A339E8A00DFB907 /* EntryIndikatorView.swift in Sources */ = {isa = PBXBuildFile; fileRef = 5278848B2A339E8A00DFB907 /* EntryIndikatorView.swift */; };
		52B89E032A2CCA970011D55D /* PawpalApp.swift in Sources */ = {isa = PBXBuildFile; fileRef = 52B89E022A2CCA970011D55D /* PawpalApp.swift */; };
		52B89E052A2CCA970011D55D /* OnboardingView.swift in Sources */ = {isa = PBXBuildFile; fileRef = 52B89E042A2CCA970011D55D /* OnboardingView.swift */; };
		52B89E072A2CCA980011D55D /* Assets.xcassets in Resources */ = {isa = PBXBuildFile; fileRef = 52B89E062A2CCA980011D55D /* Assets.xcassets */; };
		52B89E0A2A2CCA980011D55D /* Preview Assets.xcassets in Resources */ = {isa = PBXBuildFile; fileRef = 52B89E092A2CCA980011D55D /* Preview Assets.xcassets */; };
/* End PBXBuildFile section */

/* Begin PBXFileReference section */
		132EAD5F2A33A486003F3164 /* LogViewModel.swift */ = {isa = PBXFileReference; lastKnownFileType = sourcecode.swift; path = LogViewModel.swift; sourceTree = "<group>"; };
		132EAD632A33A69A003F3164 /* LogView.swift */ = {isa = PBXFileReference; lastKnownFileType = sourcecode.swift; path = LogView.swift; sourceTree = "<group>"; };
		132EAD682A33A96F003F3164 /* Helper.swift */ = {isa = PBXFileReference; lastKnownFileType = sourcecode.swift; path = Helper.swift; sourceTree = "<group>"; };
		132EAD6A2A33AC39003F3164 /* LogModel.swift */ = {isa = PBXFileReference; lastKnownFileType = sourcecode.swift; path = LogModel.swift; sourceTree = "<group>"; };
		132EAD6E2A33B8FF003F3164 /* LineShape.swift */ = {isa = PBXFileReference; lastKnownFileType = sourcecode.swift; path = LineShape.swift; sourceTree = "<group>"; };
		132EAD702A3457C5003F3164 /* DynamicFilteredView.swift */ = {isa = PBXFileReference; lastKnownFileType = sourcecode.swift; path = DynamicFilteredView.swift; sourceTree = "<group>"; };
		132EAD732A345BEA003F3164 /* PawpalCoreData.xcdatamodel */ = {isa = PBXFileReference; lastKnownFileType = wrapper.xcdatamodel; path = PawpalCoreData.xcdatamodel; sourceTree = "<group>"; };
		132EAD752A347835003F3164 /* DismissButton.swift */ = {isa = PBXFileReference; lastKnownFileType = sourcecode.swift; path = DismissButton.swift; sourceTree = "<group>"; };
		454AB4AA2A3624E1003AAE2E /* Model.swift */ = {isa = PBXFileReference; lastKnownFileType = sourcecode.swift; path = Model.swift; sourceTree = "<group>"; };
		454AB4AC2A36264F003AAE2E /* CalendarView.swift */ = {isa = PBXFileReference; lastKnownFileType = sourcecode.swift; path = CalendarView.swift; sourceTree = "<group>"; };
		457FE2F12A2CD27800641E37 /* AssumptionView.swift */ = {isa = PBXFileReference; lastKnownFileType = sourcecode.swift; path = AssumptionView.swift; sourceTree = "<group>"; };
		45EFE99B2A3620F000D70A73 /* InformationView.swift */ = {isa = PBXFileReference; lastKnownFileType = sourcecode.swift; path = InformationView.swift; sourceTree = "<group>"; };
		5268A0512A343A46002CCC8E /* ArtiIndikator.swift */ = {isa = PBXFileReference; lastKnownFileType = sourcecode.swift; path = ArtiIndikator.swift; sourceTree = "<group>"; };
		5268A0532A344B30002CCC8E /* AnalysisResultView.swift */ = {isa = PBXFileReference; lastKnownFileType = sourcecode.swift; path = AnalysisResultView.swift; sourceTree = "<group>"; };
		5268A0552A344E40002CCC8E /* MLModel.swift */ = {isa = PBXFileReference; lastKnownFileType = sourcecode.swift; path = MLModel.swift; sourceTree = "<group>"; };
		5268A0572A3451F4002CCC8E /* IndikatorModal.swift */ = {isa = PBXFileReference; lastKnownFileType = sourcecode.swift; path = IndikatorModal.swift; sourceTree = "<group>"; };
		527884892A338EB900DFB907 /* pawpal.mlmodel */ = {isa = PBXFileReference; lastKnownFileType = file.mlmodel; path = pawpal.mlmodel; sourceTree = "<group>"; };
		5278848B2A339E8A00DFB907 /* EntryIndikatorView.swift */ = {isa = PBXFileReference; lastKnownFileType = sourcecode.swift; path = EntryIndikatorView.swift; sourceTree = "<group>"; };
		52B89DFF2A2CCA970011D55D /* pawpal.app */ = {isa = PBXFileReference; explicitFileType = wrapper.application; includeInIndex = 0; path = pawpal.app; sourceTree = BUILT_PRODUCTS_DIR; };
		52B89E022A2CCA970011D55D /* PawpalApp.swift */ = {isa = PBXFileReference; lastKnownFileType = sourcecode.swift; path = PawpalApp.swift; sourceTree = "<group>"; };
		52B89E042A2CCA970011D55D /* OnboardingView.swift */ = {isa = PBXFileReference; lastKnownFileType = sourcecode.swift; path = OnboardingView.swift; sourceTree = "<group>"; };
		52B89E062A2CCA980011D55D /* Assets.xcassets */ = {isa = PBXFileReference; lastKnownFileType = folder.assetcatalog; path = Assets.xcassets; sourceTree = "<group>"; };
		52B89E092A2CCA980011D55D /* Preview Assets.xcassets */ = {isa = PBXFileReference; lastKnownFileType = folder.assetcatalog; path = "Preview Assets.xcassets"; sourceTree = "<group>"; };
/* End PBXFileReference section */

/* Begin PBXFrameworksBuildPhase section */
		52B89DFC2A2CCA970011D55D /* Frameworks */ = {
			isa = PBXFrameworksBuildPhase;
			buildActionMask = 2147483647;
			files = (
			);
			runOnlyForDeploymentPostprocessing = 0;
		};
/* End PBXFrameworksBuildPhase section */

/* Begin PBXGroup section */
		132EAD5E2A33A449003F3164 /* viewmodel */ = {
			isa = PBXGroup;
			children = (
				132EAD5F2A33A486003F3164 /* LogViewModel.swift */,
			);
			path = viewmodel;
			sourceTree = "<group>";
		};
		132EAD652A33A943003F3164 /* helper */ = {
			isa = PBXGroup;
			children = (
				132EAD682A33A96F003F3164 /* Helper.swift */,
			);
			path = helper;
			sourceTree = "<group>";
		};
		13B640102A30DEB60026B2E2 /* models */ = {
			isa = PBXGroup;
			children = (
				5268A0512A343A46002CCC8E /* ArtiIndikator.swift */,
				5268A0552A344E40002CCC8E /* MLModel.swift */,
				132EAD6A2A33AC39003F3164 /* LogModel.swift */,
			);
			path = models;
			sourceTree = "<group>";
		};
		13B640112A30DEBE0026B2E2 /* views */ = {
			isa = PBXGroup;
			children = (
				13B640132A30DED30026B2E2 /* pages */,
				13B640122A30DECD0026B2E2 /* components */,
			);
			path = views;
			sourceTree = "<group>";
		};
		13B640122A30DECD0026B2E2 /* components */ = {
			isa = PBXGroup;
			children = (
				5268A0572A3451F4002CCC8E /* IndikatorModal.swift */,
				132EAD6E2A33B8FF003F3164 /* LineShape.swift */,
				132EAD752A347835003F3164 /* DismissButton.swift */,
			);
			path = components;
			sourceTree = "<group>";
		};
		13B640132A30DED30026B2E2 /* pages */ = {
			isa = PBXGroup;
			children = (
				5278848B2A339E8A00DFB907 /* EntryIndikatorView.swift */,
				5268A0532A344B30002CCC8E /* AnalysisResultView.swift */,
				132EAD632A33A69A003F3164 /* LogView.swift */,
				132EAD702A3457C5003F3164 /* DynamicFilteredView.swift */,
				457FE2F12A2CD27800641E37 /* AssumptionView.swift */,
				52B89E042A2CCA970011D55D /* OnboardingView.swift */,
				45EFE99B2A3620F000D70A73 /* InformationView.swift */,
				454AB4AC2A36264F003AAE2E /* CalendarView.swift */,
			);
			path = pages;
			sourceTree = "<group>";
		};
		454AB4A92A3624CA003AAE2E /* Model */ = {
			isa = PBXGroup;
			children = (
				454AB4AA2A3624E1003AAE2E /* Model.swift */,
			);
			path = Model;
			sourceTree = "<group>";
		};
		52B89DF62A2CCA970011D55D = {
			isa = PBXGroup;
			children = (
				52B89E012A2CCA970011D55D /* pawpal */,
				52B89E002A2CCA970011D55D /* Products */,
			);
			sourceTree = "<group>";
		};
		52B89E002A2CCA970011D55D /* Products */ = {
			isa = PBXGroup;
			children = (
				52B89DFF2A2CCA970011D55D /* pawpal.app */,
			);
			name = Products;
			sourceTree = "<group>";
		};
		52B89E012A2CCA970011D55D /* pawpal */ = {
			isa = PBXGroup;
			children = (
				454AB4A92A3624CA003AAE2E /* Model */,
				132EAD652A33A943003F3164 /* helper */,
				132EAD5E2A33A449003F3164 /* viewmodel */,
				13B640112A30DEBE0026B2E2 /* views */,
				13B640102A30DEB60026B2E2 /* models */,
				52B89E022A2CCA970011D55D /* PawpalApp.swift */,
				52B89E062A2CCA980011D55D /* Assets.xcassets */,
				527884892A338EB900DFB907 /* pawpal.mlmodel */,
				52B89E082A2CCA980011D55D /* Preview Content */,
				132EAD722A345BEA003F3164 /* PawpalCoreData.xcdatamodeld */,
			);
			path = pawpal;
			sourceTree = "<group>";
		};
		52B89E082A2CCA980011D55D /* Preview Content */ = {
			isa = PBXGroup;
			children = (
				52B89E092A2CCA980011D55D /* Preview Assets.xcassets */,
			);
			path = "Preview Content";
			sourceTree = "<group>";
		};
/* End PBXGroup section */

/* Begin PBXNativeTarget section */
		52B89DFE2A2CCA970011D55D /* pawpal */ = {
			isa = PBXNativeTarget;
			buildConfigurationList = 52B89E0D2A2CCA980011D55D /* Build configuration list for PBXNativeTarget "pawpal" */;
			buildPhases = (
				52B89DFB2A2CCA970011D55D /* Sources */,
				52B89DFC2A2CCA970011D55D /* Frameworks */,
				52B89DFD2A2CCA970011D55D /* Resources */,
			);
			buildRules = (
			);
			dependencies = (
			);
			name = pawpal;
			productName = pawpal;
			productReference = 52B89DFF2A2CCA970011D55D /* pawpal.app */;
			productType = "com.apple.product-type.application";
		};
/* End PBXNativeTarget section */

/* Begin PBXProject section */
		52B89DF72A2CCA970011D55D /* Project object */ = {
			isa = PBXProject;
			attributes = {
				BuildIndependentTargetsInParallel = 1;
				LastSwiftUpdateCheck = 1420;
				LastUpgradeCheck = 1420;
				TargetAttributes = {
					52B89DFE2A2CCA970011D55D = {
						CreatedOnToolsVersion = 14.2;
					};
				};
			};
			buildConfigurationList = 52B89DFA2A2CCA970011D55D /* Build configuration list for PBXProject "pawpal" */;
			compatibilityVersion = "Xcode 14.0";
			developmentRegion = en;
			hasScannedForEncodings = 0;
			knownRegions = (
				en,
				Base,
			);
			mainGroup = 52B89DF62A2CCA970011D55D;
			productRefGroup = 52B89E002A2CCA970011D55D /* Products */;
			projectDirPath = "";
			projectRoot = "";
			targets = (
				52B89DFE2A2CCA970011D55D /* pawpal */,
			);
		};
/* End PBXProject section */

/* Begin PBXResourcesBuildPhase section */
		52B89DFD2A2CCA970011D55D /* Resources */ = {
			isa = PBXResourcesBuildPhase;
			buildActionMask = 2147483647;
			files = (
				52B89E0A2A2CCA980011D55D /* Preview Assets.xcassets in Resources */,
				52B89E072A2CCA980011D55D /* Assets.xcassets in Resources */,
			);
			runOnlyForDeploymentPostprocessing = 0;
		};
/* End PBXResourcesBuildPhase section */

/* Begin PBXSourcesBuildPhase section */
		52B89DFB2A2CCA970011D55D /* Sources */ = {
			isa = PBXSourcesBuildPhase;
			buildActionMask = 2147483647;
			files = (
				454AB4AB2A3624E1003AAE2E /* Model.swift in Sources */,
				45EFE99C2A3620F000D70A73 /* InformationView.swift in Sources */,
				457FE2F22A2CD27800641E37 /* AssumptionView.swift in Sources */,
				132EAD692A33A96F003F3164 /* Helper.swift in Sources */,
				132EAD642A33A69A003F3164 /* LogView.swift in Sources */,
				132EAD712A3457C5003F3164 /* DynamicFilteredView.swift in Sources */,
				454AB4AD2A36264F003AAE2E /* CalendarView.swift in Sources */,
				132EAD6F2A33B8FF003F3164 /* LineShape.swift in Sources */,
				132EAD602A33A486003F3164 /* LogViewModel.swift in Sources */,
				132EAD6B2A33AC39003F3164 /* LogModel.swift in Sources */,
				52B89E052A2CCA970011D55D /* OnboardingView.swift in Sources */,
				52B89E032A2CCA970011D55D /* PawpalApp.swift in Sources */,
				132EAD742A345BEA003F3164 /* PawpalCoreData.xcdatamodeld in Sources */,
				5268A0542A344B30002CCC8E /* AnalysisResultView.swift in Sources */,
				132EAD762A347835003F3164 /* DismissButton.swift in Sources */,
				5268A0582A3451F4002CCC8E /* IndikatorModal.swift in Sources */,
				5268A0562A344E40002CCC8E /* MLModel.swift in Sources */,
				5278848A2A338EB900DFB907 /* pawpal.mlmodel in Sources */,
				52B89E052A2CCA970011D55D /* OnboardingView.swift in Sources */,
				52B89E032A2CCA970011D55D /* PawpalApp.swift in Sources */,
				5278848C2A339E8A00DFB907 /* EntryIndikatorView.swift in Sources */,
				5268A0522A343A46002CCC8E /* ArtiIndikator.swift in Sources */,
			);
			runOnlyForDeploymentPostprocessing = 0;
		};
/* End PBXSourcesBuildPhase section */

/* Begin XCBuildConfiguration section */
		52B89E0B2A2CCA980011D55D /* Debug */ = {
			isa = XCBuildConfiguration;
			buildSettings = {
				ALWAYS_SEARCH_USER_PATHS = NO;
				CLANG_ANALYZER_NONNULL = YES;
				CLANG_ANALYZER_NUMBER_OBJECT_CONVERSION = YES_AGGRESSIVE;
				CLANG_CXX_LANGUAGE_STANDARD = "gnu++20";
				CLANG_ENABLE_MODULES = YES;
				CLANG_ENABLE_OBJC_ARC = YES;
				CLANG_ENABLE_OBJC_WEAK = YES;
				CLANG_WARN_BLOCK_CAPTURE_AUTORELEASING = YES;
				CLANG_WARN_BOOL_CONVERSION = YES;
				CLANG_WARN_COMMA = YES;
				CLANG_WARN_CONSTANT_CONVERSION = YES;
				CLANG_WARN_DEPRECATED_OBJC_IMPLEMENTATIONS = YES;
				CLANG_WARN_DIRECT_OBJC_ISA_USAGE = YES_ERROR;
				CLANG_WARN_DOCUMENTATION_COMMENTS = YES;
				CLANG_WARN_EMPTY_BODY = YES;
				CLANG_WARN_ENUM_CONVERSION = YES;
				CLANG_WARN_INFINITE_RECURSION = YES;
				CLANG_WARN_INT_CONVERSION = YES;
				CLANG_WARN_NON_LITERAL_NULL_CONVERSION = YES;
				CLANG_WARN_OBJC_IMPLICIT_RETAIN_SELF = YES;
				CLANG_WARN_OBJC_LITERAL_CONVERSION = YES;
				CLANG_WARN_OBJC_ROOT_CLASS = YES_ERROR;
				CLANG_WARN_QUOTED_INCLUDE_IN_FRAMEWORK_HEADER = YES;
				CLANG_WARN_RANGE_LOOP_ANALYSIS = YES;
				CLANG_WARN_STRICT_PROTOTYPES = YES;
				CLANG_WARN_SUSPICIOUS_MOVE = YES;
				CLANG_WARN_UNGUARDED_AVAILABILITY = YES_AGGRESSIVE;
				CLANG_WARN_UNREACHABLE_CODE = YES;
				CLANG_WARN__DUPLICATE_METHOD_MATCH = YES;
				COPY_PHASE_STRIP = NO;
				DEBUG_INFORMATION_FORMAT = dwarf;
				ENABLE_STRICT_OBJC_MSGSEND = YES;
				ENABLE_TESTABILITY = YES;
				GCC_C_LANGUAGE_STANDARD = gnu11;
				GCC_DYNAMIC_NO_PIC = NO;
				GCC_NO_COMMON_BLOCKS = YES;
				GCC_OPTIMIZATION_LEVEL = 0;
				GCC_PREPROCESSOR_DEFINITIONS = (
					"DEBUG=1",
					"$(inherited)",
				);
				GCC_WARN_64_TO_32_BIT_CONVERSION = YES;
				GCC_WARN_ABOUT_RETURN_TYPE = YES_ERROR;
				GCC_WARN_UNDECLARED_SELECTOR = YES;
				GCC_WARN_UNINITIALIZED_AUTOS = YES_AGGRESSIVE;
				GCC_WARN_UNUSED_FUNCTION = YES;
				GCC_WARN_UNUSED_VARIABLE = YES;
				IPHONEOS_DEPLOYMENT_TARGET = 16.2;
				MTL_ENABLE_DEBUG_INFO = INCLUDE_SOURCE;
				MTL_FAST_MATH = YES;
				ONLY_ACTIVE_ARCH = YES;
				SDKROOT = iphoneos;
				SWIFT_ACTIVE_COMPILATION_CONDITIONS = DEBUG;
				SWIFT_OPTIMIZATION_LEVEL = "-Onone";
			};
			name = Debug;
		};
		52B89E0C2A2CCA980011D55D /* Release */ = {
			isa = XCBuildConfiguration;
			buildSettings = {
				ALWAYS_SEARCH_USER_PATHS = NO;
				CLANG_ANALYZER_NONNULL = YES;
				CLANG_ANALYZER_NUMBER_OBJECT_CONVERSION = YES_AGGRESSIVE;
				CLANG_CXX_LANGUAGE_STANDARD = "gnu++20";
				CLANG_ENABLE_MODULES = YES;
				CLANG_ENABLE_OBJC_ARC = YES;
				CLANG_ENABLE_OBJC_WEAK = YES;
				CLANG_WARN_BLOCK_CAPTURE_AUTORELEASING = YES;
				CLANG_WARN_BOOL_CONVERSION = YES;
				CLANG_WARN_COMMA = YES;
				CLANG_WARN_CONSTANT_CONVERSION = YES;
				CLANG_WARN_DEPRECATED_OBJC_IMPLEMENTATIONS = YES;
				CLANG_WARN_DIRECT_OBJC_ISA_USAGE = YES_ERROR;
				CLANG_WARN_DOCUMENTATION_COMMENTS = YES;
				CLANG_WARN_EMPTY_BODY = YES;
				CLANG_WARN_ENUM_CONVERSION = YES;
				CLANG_WARN_INFINITE_RECURSION = YES;
				CLANG_WARN_INT_CONVERSION = YES;
				CLANG_WARN_NON_LITERAL_NULL_CONVERSION = YES;
				CLANG_WARN_OBJC_IMPLICIT_RETAIN_SELF = YES;
				CLANG_WARN_OBJC_LITERAL_CONVERSION = YES;
				CLANG_WARN_OBJC_ROOT_CLASS = YES_ERROR;
				CLANG_WARN_QUOTED_INCLUDE_IN_FRAMEWORK_HEADER = YES;
				CLANG_WARN_RANGE_LOOP_ANALYSIS = YES;
				CLANG_WARN_STRICT_PROTOTYPES = YES;
				CLANG_WARN_SUSPICIOUS_MOVE = YES;
				CLANG_WARN_UNGUARDED_AVAILABILITY = YES_AGGRESSIVE;
				CLANG_WARN_UNREACHABLE_CODE = YES;
				CLANG_WARN__DUPLICATE_METHOD_MATCH = YES;
				COPY_PHASE_STRIP = NO;
				DEBUG_INFORMATION_FORMAT = "dwarf-with-dsym";
				ENABLE_NS_ASSERTIONS = NO;
				ENABLE_STRICT_OBJC_MSGSEND = YES;
				GCC_C_LANGUAGE_STANDARD = gnu11;
				GCC_NO_COMMON_BLOCKS = YES;
				GCC_WARN_64_TO_32_BIT_CONVERSION = YES;
				GCC_WARN_ABOUT_RETURN_TYPE = YES_ERROR;
				GCC_WARN_UNDECLARED_SELECTOR = YES;
				GCC_WARN_UNINITIALIZED_AUTOS = YES_AGGRESSIVE;
				GCC_WARN_UNUSED_FUNCTION = YES;
				GCC_WARN_UNUSED_VARIABLE = YES;
				IPHONEOS_DEPLOYMENT_TARGET = 16.2;
				MTL_ENABLE_DEBUG_INFO = NO;
				MTL_FAST_MATH = YES;
				SDKROOT = iphoneos;
				SWIFT_COMPILATION_MODE = wholemodule;
				SWIFT_OPTIMIZATION_LEVEL = "-O";
				VALIDATE_PRODUCT = YES;
			};
			name = Release;
		};
		52B89E0E2A2CCA980011D55D /* Debug */ = {
			isa = XCBuildConfiguration;
			buildSettings = {
				ASSETCATALOG_COMPILER_APPICON_NAME = AppIcon;
				ASSETCATALOG_COMPILER_GLOBAL_ACCENT_COLOR_NAME = AccentColor;
				CODE_SIGN_STYLE = Automatic;
				CURRENT_PROJECT_VERSION = 1;
				DEVELOPMENT_ASSET_PATHS = "\"pawpal/Preview Content\"";
				DEVELOPMENT_TEAM = MYL47LDKG8;
				ENABLE_PREVIEWS = YES;
				GENERATE_INFOPLIST_FILE = YES;
				INFOPLIST_KEY_UIApplicationSceneManifest_Generation = YES;
				INFOPLIST_KEY_UIApplicationSupportsIndirectInputEvents = YES;
				INFOPLIST_KEY_UILaunchScreen_Generation = YES;
				INFOPLIST_KEY_UISupportedInterfaceOrientations_iPad = "UIInterfaceOrientationPortrait UIInterfaceOrientationPortraitUpsideDown UIInterfaceOrientationLandscapeLeft UIInterfaceOrientationLandscapeRight";
				INFOPLIST_KEY_UISupportedInterfaceOrientations_iPhone = "UIInterfaceOrientationPortrait UIInterfaceOrientationLandscapeLeft UIInterfaceOrientationLandscapeRight";
				LD_RUNPATH_SEARCH_PATHS = (
					"$(inherited)",
					"@executable_path/Frameworks",
				);
				MARKETING_VERSION = 1.0;
				PRODUCT_BUNDLE_IDENTIFIER = com.latifa.pawpal;
				PRODUCT_NAME = "$(TARGET_NAME)";
				SWIFT_EMIT_LOC_STRINGS = YES;
				SWIFT_VERSION = 5.0;
				TARGETED_DEVICE_FAMILY = "1,2";
			};
			name = Debug;
		};
		52B89E0F2A2CCA980011D55D /* Release */ = {
			isa = XCBuildConfiguration;
			buildSettings = {
				ASSETCATALOG_COMPILER_APPICON_NAME = AppIcon;
				ASSETCATALOG_COMPILER_GLOBAL_ACCENT_COLOR_NAME = AccentColor;
				CODE_SIGN_STYLE = Automatic;
				CURRENT_PROJECT_VERSION = 1;
				DEVELOPMENT_ASSET_PATHS = "\"pawpal/Preview Content\"";
				DEVELOPMENT_TEAM = MYL47LDKG8;
				ENABLE_PREVIEWS = YES;
				GENERATE_INFOPLIST_FILE = YES;
				INFOPLIST_KEY_UIApplicationSceneManifest_Generation = YES;
				INFOPLIST_KEY_UIApplicationSupportsIndirectInputEvents = YES;
				INFOPLIST_KEY_UILaunchScreen_Generation = YES;
				INFOPLIST_KEY_UISupportedInterfaceOrientations_iPad = "UIInterfaceOrientationPortrait UIInterfaceOrientationPortraitUpsideDown UIInterfaceOrientationLandscapeLeft UIInterfaceOrientationLandscapeRight";
				INFOPLIST_KEY_UISupportedInterfaceOrientations_iPhone = "UIInterfaceOrientationPortrait UIInterfaceOrientationLandscapeLeft UIInterfaceOrientationLandscapeRight";
				LD_RUNPATH_SEARCH_PATHS = (
					"$(inherited)",
					"@executable_path/Frameworks",
				);
				MARKETING_VERSION = 1.0;
				PRODUCT_BUNDLE_IDENTIFIER = com.latifa.pawpal;
				PRODUCT_NAME = "$(TARGET_NAME)";
				SWIFT_EMIT_LOC_STRINGS = YES;
				SWIFT_VERSION = 5.0;
				TARGETED_DEVICE_FAMILY = "1,2";
			};
			name = Release;
		};
/* End XCBuildConfiguration section */

/* Begin XCConfigurationList section */
		52B89DFA2A2CCA970011D55D /* Build configuration list for PBXProject "pawpal" */ = {
			isa = XCConfigurationList;
			buildConfigurations = (
				52B89E0B2A2CCA980011D55D /* Debug */,
				52B89E0C2A2CCA980011D55D /* Release */,
			);
			defaultConfigurationIsVisible = 0;
			defaultConfigurationName = Release;
		};
		52B89E0D2A2CCA980011D55D /* Build configuration list for PBXNativeTarget "pawpal" */ = {
			isa = XCConfigurationList;
			buildConfigurations = (
				52B89E0E2A2CCA980011D55D /* Debug */,
				52B89E0F2A2CCA980011D55D /* Release */,
			);
			defaultConfigurationIsVisible = 0;
			defaultConfigurationName = Release;
		};
/* End XCConfigurationList section */

/* Begin XCVersionGroup section */
		132EAD722A345BEA003F3164 /* PawpalCoreData.xcdatamodeld */ = {
			isa = XCVersionGroup;
			children = (
				132EAD732A345BEA003F3164 /* PawpalCoreData.xcdatamodel */,
			);
			currentVersion = 132EAD732A345BEA003F3164 /* PawpalCoreData.xcdatamodel */;
			path = PawpalCoreData.xcdatamodeld;
			sourceTree = "<group>";
			versionGroupType = wrapper.xcdatamodel;
		};
/* End XCVersionGroup section */
	};
	rootObject = 52B89DF72A2CCA970011D55D /* Project object */;
}
